
Microsoft Visual Studio Solution File, Format Version 12.00
# Visual Studio Version 17
VisualStudioVersion = 17.4.33103.184
MinimumVisualStudioVersion = 10.0.40219.1
Project("{FAE04EC0-301F-11D3-BF4B-00C04F79EFBC}") = "Chatserver", "Chatserver\Chatserver.csproj", "{CE58D69F-A0FC-484E-BCB6-1E16715B2986}"
EndProject
Global
	GlobalSection(SolutionConfigurationPlatforms) = preSolution
		Debug|Any CPU = Debug|Any CPU
		Release|Any CPU = Release|Any CPU
	EndGlobalSection
	GlobalSection(ProjectConfigurationPlatforms) = postSolution
		{CE58D69F-A0FC-484E-BCB6-1E16715B2986}.Debug|Any CPU.ActiveCfg = Debug|Any CPU
		{CE58D69F-A0FC-484E-BCB6-1E16715B2986}.Debug|Any CPU.Build.0 = Debug|Any CPU
		{CE58D69F-A0FC-484E-BCB6-1E16715B2986}.Release|Any CPU.ActiveCfg = Release|Any CPU
		{CE58D69F-A0FC-484E-BCB6-1E16715B2986}.Release|Any CPU.Build.0 = Release|Any CPU
	EndGlobalSection
	GlobalSection(SolutionProperties) = preSolution
		HideSolutionNode = FALSE
	EndGlobalSection
	GlobalSection(ExtensibilityGlobals) = postSolution
		SolutionGuid = {003D68DF-9CF9-445D-810C-C1F3BB13050E}
	EndGlobalSection
EndGlobal
